
Microsoft Visual Studio Solution File, Format Version 12.00
# Visual Studio Version 16
VisualStudioVersion = 16.0.31229.75
MinimumVisualStudioVersion = 10.0.40219.1
Project("{FAE04EC0-301F-11D3-BF4B-00C04F79EFBC}") = "Proyecto OpenTK", "Proyecto OpenTK\Proyecto OpenTK.csproj", "{4EF8B7A7-17E2-4F13-9C2A-4A9C8C0C597A}"
EndProject
Global
	GlobalSection(SolutionConfigurationPlatforms) = preSolution
		Debug|Any CPU = Debug|Any CPU
		Release|Any CPU = Release|Any CPU
	EndGlobalSection
	GlobalSection(ProjectConfigurationPlatforms) = postSolution
		{4EF8B7A7-17E2-4F13-9C2A-4A9C8C0C597A}.Debug|Any CPU.ActiveCfg = Debug|Any CPU
		{4EF8B7A7-17E2-4F13-9C2A-4A9C8C0C597A}.Debug|Any CPU.Build.0 = Debug|Any CPU
		{4EF8B7A7-17E2-4F13-9C2A-4A9C8C0C597A}.Release|Any CPU.ActiveCfg = Release|Any CPU
		{4EF8B7A7-17E2-4F13-9C2A-4A9C8C0C597A}.Release|Any CPU.Build.0 = Release|Any CPU
	EndGlobalSection
	GlobalSection(SolutionProperties) = preSolution
		HideSolutionNode = FALSE
	EndGlobalSection
	GlobalSection(ExtensibilityGlobals) = postSolution
		SolutionGuid = {6BE924A2-E071-4AAA-B8DF-C6E53080D5F6}
	EndGlobalSection
EndGlobal
